# Auto-generated by sempkg. DO NOT EDIT.
# Commit this file to ensure reproducible installs.

[[package]]
name = "codegraph"
version = "0.9.7"
registry_url = "github:colbymchenry/codegraph"
sha256 = "9a4ffaf8cf0bb267ea30b37b47a88e6c72e495c2ad1e025e69ebce330e2b6c2e"
signed = false
commit_sha = "f29825c090f37ee629cade6d9cae9821461dcd14"

[package.manifest_checksums]
"code/__manifest/_transactions/0-3d1a584b-7a22-4f86-a5c9-53c8956242d2.txn" = "abc116e58e86cf66df2bf9044377afb82a3f8c5b71b706d34d43b9122dd49a44"
"code/__manifest/_versions/18446744073709551614.manifest" = "ac3225e92e7b3a336fdc97b72c86285926fc75acc353408bc0fe0faf9e92e13c"
"code/__manifest/_versions/latest_version_hint.json" = "2430f1a2ad2982d0067885488a4c89e21ad1d7c83b115ba8f1b20acc88dfaea8"
"code/code.lance/_indices/9d27aca1-86fa-457d-b135-e8c58aa5d8bd/metadata.lance" = "577b19ff0cefe35d7ce1d66d6fdf4fb4ee7de974c6477af10a7c42376d445a8c"
"code/code.lance/_indices/9d27aca1-86fa-457d-b135-e8c58aa5d8bd/part_0_docs.lance" = "4aaa8d6decf33959ab43f9c45ab032afb4fae79712654fb8f368560f80894963"
"code/code.lance/_indices/9d27aca1-86fa-457d-b135-e8c58aa5d8bd/part_0_invert.lance" = "23265824db04bdab073c1382dd6f619e7d3a6a7acf46095358dbdf888ad6dd5b"
"code/code.lance/_indices/9d27aca1-86fa-457d-b135-e8c58aa5d8bd/part_0_tokens.lance" = "f561bdba524da03fa0c97d996fd8529dcd571cf07650901d3ad02495ae2c11b6"
"code/code.lance/_transactions/0-17033d53-6ab1-46dd-9f1b-8134581c0b7f.txn" = "366725eb51407b4834f1f33fd6cd8b357c7b6c67db597984f2274c34124d3976"
"code/code.lance/_transactions/1-cc7c8b34-f6c0-4b87-886b-c4e12bd633e1.txn" = "28708941016ecfe6a68c310bd4da49b5d256345336f1d2fe15f6d588e03d880a"
"code/code.lance/_transactions/2-19d40478-df90-42c1-afbe-7925e07754ee.txn" = "be0b00d0f959478040a0c3ca683eccb1e331915bd732e4226f6a3569567a1a54"
"code/code.lance/_transactions/3-7aefd1a2-a0a1-413b-9953-464c04f57aa4.txn" = "bb80678c091fe7947881e184f59a809cfb89add2aeb6ff0810a02bb63db5f6a2"
"code/code.lance/_transactions/4-d33eddd0-665c-4242-a687-d14fe6c75b36.txn" = "a71c57b1183405c23d1f57632888d9c476d251ec3b26e780162878a9204c619d"
"code/code.lance/_versions/18446744073709551610.manifest" = "9ce4dbb0a19233825c925947e79047a49757e7ca1c8ada378df4ed8ff27f395e"
"code/code.lance/_versions/18446744073709551611.manifest" = "8d2edbef4c5b4a639fa8f685973d9cc1fbf9088dfbe46c27907a8a56a4b91430"
"code/code.lance/_versions/18446744073709551612.manifest" = "59326807492bf06756d1af7dd12acd4ee84fa852a8e83a300e0e3903bd26c675"
"code/code.lance/_versions/18446744073709551613.manifest" = "56fb34989d7910412046e39b1fb4c51c15e5a313256f376fb0f346dba0e88a9b"
"code/code.lance/_versions/18446744073709551614.manifest" = "2b98a5e3a4453acd38507edd092b607aa96284814a02108e8b9dcb05de6264f7"
"code/code.lance/_versions/latest_version_hint.json" = "7340e8bcc54419e2a1e91c5b427e224167b614525b146e4b2c2f6e4c9563c05e"
"code/code.lance/data/000101100000100101001101a486c148b29a0eeb72ca79ea24.lance" = "400a92f832071ee02324e4cafa527d1f17c05c7c1a405508181b4f74ba50aa9b"
"code/code.lance/data/10010001101011010111110137a9de41a3b21c3083ffdeb7c1.lance" = "acab821977c1bc8ef9a03dbca97c7c6d861ffbed9a935e19ffbe2cb5973c977b"
"code/code.lance/data/100101010111011011110001309a444d0681f774bdd2f59ea3.lance" = "12efd29a982778c43513cbe502c02708a6aa7d8d51b72ab81e081f44c8072f26"
"code/code.lance/data/111111010010010111100111ff23bc441aae3a84645494ff1b.lance" = "150c81f24225f99deca1c843ef87864d943e29fca8bc65f8851ca441bd523a0c"
"code/metadata.json" = "91dfb4a87793e13fe14865cd4042ee569bb2e252e920a35ad169fb5b7c3c64d1"
"config.json" = "44136fa355b3678a1146ad16f7e8649e94fb4fc21fe77e8310c060f61caaff8a"
"embeddings/source-index.json" = "4006cb547a2c998d810a2c2980d44e37f3833e40276b539990698bfd80a80faa"
"graph/.gitignore" = "904e693de8f7554f0ab33d4d102ea260c3539f9815d71cc80b372ebc83449a71"
"graph/codegraph.db" = "e97177483be2215f36fe3cfbaebe3398a1ebf706e29b5993026b200757fd5cb7"
"graph/codegraph.db-shm" = "fd4c9fda9cd3f9ae7c962b0ddf37232294d55580e1aa165aa06129b8549389eb"
"graph/codegraph.db-wal" = "e3b0c44298fc1c149afbf4c8996fb92427ae41e4649b934ca495991b7852b855"
"lance/__manifest/_transactions/0-4628f18a-436b-4d48-8cd4-cdec3885d600.txn" = "a2ee0dcbece1264c43a7d7a3b8764aa8f4daa33abf03db0f884ff02d3e823f47"
"lance/__manifest/_versions/18446744073709551614.manifest" = "876362d3d24339b7c759741828176e375ced44dfa67ef65747c82eca34b25c80"
"lance/__manifest/_versions/latest_version_hint.json" = "2430f1a2ad2982d0067885488a4c89e21ad1d7c83b115ba8f1b20acc88dfaea8"
"lance/docs.lance/_indices/81065ce7-6f7a-4456-9d8c-0c4954a18ab9/metadata.lance" = "ae6f8a7384798adcf1d816d76ff6b3c56991f3626be0a1f7f0ab5ada18b6345f"
"lance/docs.lance/_indices/81065ce7-6f7a-4456-9d8c-0c4954a18ab9/part_0_docs.lance" = "063b00051e6cf1079ced9a728b5e650b0b7127c1df53e284ebe2b14c07bc6e50"
"lance/docs.lance/_indices/81065ce7-6f7a-4456-9d8c-0c4954a18ab9/part_0_invert.lance" = "a206709871620fe0342840da1021d4a694f3348fb161b364b5fc66c6c89f89f5"
"lance/docs.lance/_indices/81065ce7-6f7a-4456-9d8c-0c4954a18ab9/part_0_tokens.lance" = "0855790c5abbb9d68d1fed8e84407f8887729bde86ba3fc8d704d4e780b7c11d"
"lance/docs.lance/_transactions/0-cc368300-48c7-433f-b671-1f2231000e44.txn" = "efaef5e27e20d1e507bad73e4f125d5eaf1212512b55923c2dd4bb9b7981a587"
"lance/docs.lance/_transactions/1-13bc2c2f-0a1b-4992-a573-61b5e8a7be3f.txn" = "fafbe5292757efea5cdf275bdf59e8777c53d5b727c96af49506fa17edc8d473"
"lance/docs.lance/_versions/18446744073709551613.manifest" = "326111218b0792534d23b09edc7834df2305e1ab80cfe1b7b744a2fb71c3838c"
"lance/docs.lance/_versions/18446744073709551614.manifest" = "dcb5c1b8f409f9f098aa9ec4f102a7ee80bfa7f19e629f42ee27ef611000d1a2"
"lance/docs.lance/_versions/latest_version_hint.json" = "732322c128ed67841ef5aa42c7cd04ffcd74a61b2d17d710cd502b713d62930d"
"lance/docs.lance/data/0100010111000110000000017e12114d3f8d0b05683f8e0339.lance" = "548d4d4940326c8866c63bcf9c30eae610ca863c33d1d1a356442f36e1f2b24a"
"lance/metadata.json" = "75b0b7f00ff93254c667e42796cd8ee2244290a665e7bdebf104950bece9ea1b"
"metadata.json" = "ed19e96201a1deeadc790423dbe31bf66c807b769478bde8196dee1d6b2470d7"

[[package]]
name = "lancedb"
version = "0.30.0"
registry_url = "github:lancedb/lancedb"
sha256 = "aef89de0bcb596e60e50c01ca9296bfc49ed2e0937eb6878ca5b89c2dda19ed9"
signed = false
commit_sha = "a5288de8d14ff0dfbf42a69c5e2a557b06ebfb6b"

[package.manifest_checksums]
"code/__manifest/_transactions/0-1ee2b687-d11a-419c-9da7-694c165525b2.txn" = "d4b6bc168bef81213f5abffc75347ec54ec6a84992c574cda7ed33f68240fa35"
"code/__manifest/_versions/18446744073709551614.manifest" = "21fe86a44aedf567b19d84621ec243cfa699c799812637459faf6e8a0deaa55f"
"code/__manifest/_versions/latest_version_hint.json" = "2430f1a2ad2982d0067885488a4c89e21ad1d7c83b115ba8f1b20acc88dfaea8"
"code/code.lance/_indices/1b600262-33b1-443f-9044-9f688f3aeede/metadata.lance" = "776906237acec42f7a3ea224d81d3231f8bf4139d1cf281501b4e8ff9d284235"
"code/code.lance/_indices/1b600262-33b1-443f-9044-9f688f3aeede/part_0_docs.lance" = "d730766798c70a377ab82cb9a3ddb2848954565e04bd4a53ebe877183939ae40"
"code/code.lance/_indices/1b600262-33b1-443f-9044-9f688f3aeede/part_0_invert.lance" = "1aad8c9551e7d1ac0b4a6086b27d007c1df0627cefd600bab4022ea191afa85f"
"code/code.lance/_indices/1b600262-33b1-443f-9044-9f688f3aeede/part_0_tokens.lance" = "2ea7809468a1214c314217672ea96c6a6b1cddb867453b3c5217fd04174294dd"
"code/code.lance/_transactions/0-476bd096-4152-4d1e-a441-2bb47306ecb6.txn" = "54875f4c6ec03f37abbc654428ef36ed96727bafe6e8d487b0366cd37ea5d996"
"code/code.lance/_transactions/1-16e284fc-b279-4958-b30c-865c52578a4d.txn" = "65d0c81919c154272b6d0848f7e0c4a7481c907fbb84d4098265c9bfa58f6817"
"code/code.lance/_transactions/2-ad623d68-745a-4637-adf1-41113722e6cd.txn" = "be6cffb46a8707cd12615f9d9ec827289cbc4efcbf2806837412262bd2dbaaec"
"code/code.lance/_transactions/3-5d7a8db1-a8a3-4a7e-9e96-65162958dce2.txn" = "25f8f61f3c157c4cd2ea21dab2c08c115745ac530982ab13ad8b49d20b9c4a50"
"code/code.lance/_transactions/4-8aa4cf30-8e3f-4222-893a-e3ccc75f9d11.txn" = "53b76b6c17be661f174e9db571d4a18acecc04cd56f861109e56e3b65445c2d5"
"code/code.lance/_transactions/5-0214762f-9d1f-489a-ab71-4324677a3b20.txn" = "9f231e343808906d23f8a17119bfd442bdeaae02c7f13310804bb06b2ed0788a"
"code/code.lance/_versions/18446744073709551609.manifest" = "93c872a5b50487f3e8c43127a0707e48fe877845ecc7f476ad0f6eb7b70db661"
"code/code.lance/_versions/18446744073709551610.manifest" = "a6ce32e4526e11e587377cc2d2e0de0e14ebaab2da430c175e6449947f8c0d8e"
"code/code.lance/_versions/18446744073709551611.manifest" = "57d6fd52f072d4b0e3f5c58944b6ea08ac614b9b6ba441c0ab85f8a69e80880c"
"code/code.lance/_versions/18446744073709551612.manifest" = "e12c27ae0805789270da9015439ae2d9c9116965ef1ce48c3049ab54591caf09"
"code/code.lance/_versions/18446744073709551613.manifest" = "5a5f8185c6bf5525064c937dfd4a0b6b064504733ae0137dea9b388b4bd6fa25"
"code/code.lance/_versions/18446744073709551614.manifest" = "391cbc3da23f7e2090bb8248bcce91933ab6f4196fa3bb0437a39a033e8cdfc2"
"code/code.lance/_versions/latest_version_hint.json" = "1e1901b2658bbbb3512c4e8867974632a030c38adb83ab4b5e3b0b39e6705ac2"
"code/code.lance/data/000010110000000001010001482a6d47ba8ea17087c6386b79.lance" = "cc21555b467d6bc4dbfe188e544025ea1428fce93e4375faee9f491f42ecd255"
"code/code.lance/data/100110100010001010111110e82e1b4d87bbfe69712031d9f5.lance" = "180b786de5486784694200ad92d8f294cdd6df2d042740071959e621ed93b14b"
"code/code.lance/data/110000000000001111101010cc3dba4ec2824195ac13b44c96.lance" = "acc2eea171df0ebcf4dbf0cc6a6eb2b685a05c2ec51b40da8c16cd87e03067ad"
"code/code.lance/data/1110011111011100101100105cd131415b9d960f086b5fbb82.lance" = "4422d5884aab026578247a68898589b40d605637a906f8b5f8ae9b50111be650"
"code/code.lance/data/1110100011101111000100116c867942c99631e183525cb2fa.lance" = "586de30d4c41fdf9bfe68562ff56473d71d8507f3b21a9f75ab7d747ab85440f"
"code/metadata.json" = "0a5177e62356dc325d42689191e3a51c829fb93e9dfd31d4f96a2e1f65a4f721"
"config.json" = "44136fa355b3678a1146ad16f7e8649e94fb4fc21fe77e8310c060f61caaff8a"
"embeddings/source-index.json" = "815a9e43e6eb23b033caf239123008894525a15fcc7997ba2a0fd27aab885a2c"
"graph/.gitignore" = "904e693de8f7554f0ab33d4d102ea260c3539f9815d71cc80b372ebc83449a71"
"graph/codegraph.db" = "18ecd36bb6370db8e7e4756d2ecb42a270cb0cfda67e64d46b0aab1f4e99d7e1"
"graph/codegraph.db-shm" = "fd4c9fda9cd3f9ae7c962b0ddf37232294d55580e1aa165aa06129b8549389eb"
"graph/codegraph.db-wal" = "e3b0c44298fc1c149afbf4c8996fb92427ae41e4649b934ca495991b7852b855"
"lance/__manifest/_transactions/0-f36c5a23-9c65-49f3-92c6-be32b1ac9ed3.txn" = "b815cac290d267bb8ba95f742ff28f15bd889314a4535544a1fd0c24c68379f9"
"lance/__manifest/_versions/18446744073709551614.manifest" = "fe38af0cc47619a1e3eab820ae237dd57eacce63049a1f996f3f0cc813e7b97a"
"lance/__manifest/_versions/latest_version_hint.json" = "2430f1a2ad2982d0067885488a4c89e21ad1d7c83b115ba8f1b20acc88dfaea8"
"lance/docs.lance/_indices/17c00c0f-3490-4de0-8dd2-607869dcc2cc/metadata.lance" = "17fdb835d1263a609755a9ae2164e20ddc9503c6ae583078faf72f518672fec3"
"lance/docs.lance/_indices/17c00c0f-3490-4de0-8dd2-607869dcc2cc/part_0_docs.lance" = "c4cacb1ee1c9cd737242ed019148ac47f27887b6fb9d7c4c9eb13c28b6b6b36c"
"lance/docs.lance/_indices/17c00c0f-3490-4de0-8dd2-607869dcc2cc/part_0_invert.lance" = "27ede381859a219f9c2a807c6a1ec451290f0169ec1a256e2fda4240486e9e2e"
"lance/docs.lance/_indices/17c00c0f-3490-4de0-8dd2-607869dcc2cc/part_0_tokens.lance" = "e55f92427a4885981d52b3b34b58b0711e6218761b1ebe8a6aae6bb649a533c2"
"lance/docs.lance/_transactions/0-dcf21783-82cb-4033-8351-2ec862039b0f.txn" = "243bb878c99686498743ede3aaca0da1335c5bb628eabdfa9a54effbb12b2b58"
"lance/docs.lance/_transactions/1-9d7cc3ab-e896-4f54-915f-3adc1029b539.txn" = "c11b61a385d3126fc67d10ee67e6830e456f5b81a92966b5cb1974afdab43344"
"lance/docs.lance/_versions/18446744073709551613.manifest" = "438c44f5cf7c9d0e35ea6676066b34d95a915c3e3c0a9f77ddb512a42eb08061"
"lance/docs.lance/_versions/18446744073709551614.manifest" = "b216b1af406c499fa52f3934a0d2185cee6b91d4b26c578e71a9dbd31c6b0e03"
"lance/docs.lance/_versions/latest_version_hint.json" = "732322c128ed67841ef5aa42c7cd04ffcd74a61b2d17d710cd502b713d62930d"
"lance/docs.lance/data/0001010010110010010101000b45fe46658fe48dbb03a5d17e.lance" = "748215a3a2265ccf278f5dcbf60fe590a55bd39ecc4a39400575a803c339a164"
"lance/metadata.json" = "87e808b1e4622036f84a7d3e2d978b11818e573c69cb946e34a64df8335fae7a"
"metadata.json" = "984fefdefdb4ca5616b4b69a7f2bd2e51cf7528f3f2e410525120bae86f3e032"

[[package]]
name = "qmd"
version = "2.5.2"
registry_url = "github:tobi/qmd"
sha256 = "92a99311c0767f11b4f01b3d7b0fdce49d348406610bf481fd1989761167e85f"
signed = false
commit_sha = "443760f4d5a17550d77a0e3146b5b8f08452991f"

[package.manifest_checksums]
"code/__manifest/_transactions/0-7c54a192-74f4-4c21-9a41-cad42a797e32.txn" = "e817ba703e580bfa1031a80074af349cab920edf544334cd4f6bf167f5a63aa6"
"code/__manifest/_versions/18446744073709551614.manifest" = "a4c7381289ceb211b43d81d9ef2108697553dc5be088647ec0d715d85f91a733"
"code/__manifest/_versions/latest_version_hint.json" = "2430f1a2ad2982d0067885488a4c89e21ad1d7c83b115ba8f1b20acc88dfaea8"
"code/code.lance/_indices/a6097897-77b8-4f9a-ad9f-58400ff5f7ad/metadata.lance" = "577b19ff0cefe35d7ce1d66d6fdf4fb4ee7de974c6477af10a7c42376d445a8c"
"code/code.lance/_indices/a6097897-77b8-4f9a-ad9f-58400ff5f7ad/part_0_docs.lance" = "0b82dda3288189026b204a3db13e80d9c2dcf27c2e29e9c8a750a4ff346af2a8"
"code/code.lance/_indices/a6097897-77b8-4f9a-ad9f-58400ff5f7ad/part_0_invert.lance" = "7cf783fc24f2d8a30dbbd27ac085b0f7ecfa0c293dad124173c7c04e53d3b0e5"
"code/code.lance/_indices/a6097897-77b8-4f9a-ad9f-58400ff5f7ad/part_0_tokens.lance" = "a99b91d3c0064c3e68716e14aeca5bfc28311c5564915765cf2eca547d5d991f"
"code/code.lance/_transactions/0-60af3f69-1bf4-4d97-89e0-a5f37606966c.txn" = "f4ae8a494783d472afb17bb68143cd0c142a67a2f0a19fd518ae251fc4486c85"
"code/code.lance/_transactions/1-edee7cc3-78cc-4e4a-9bab-784a761c56e3.txn" = "4292e21876f2e700557ec6ffd4c9d023eba9d5a8559849d3693524c2e6281af7"
"code/code.lance/_transactions/2-01e1549e-f127-4489-8910-62379d78a242.txn" = "95a4f9b6c61c2e8fe7fae3f96360fe739ca75e6b0b5ce33916084dd2f6facace"
"code/code.lance/_transactions/3-c5ee1c25-9f5f-48d6-b80c-1f32847b77a7.txn" = "e9c8c3756f6ac4f078a22eb5ff55245b0a6308376f4038b7c8e59e740c518ae3"
"code/code.lance/_versions/18446744073709551611.manifest" = "d178e0295791315c4523cdbbb6e72df0e2c16ff05b748e73d73e08367be041e5"
"code/code.lance/_versions/18446744073709551612.manifest" = "9e566a04c76dc93f0178701fd50ec2d7d3a370caa9474e7d1c0054bab200b288"
"code/code.lance/_versions/18446744073709551613.manifest" = "91eace43faf3af3681afe8396a70c71865fc733f6f9474d79dbd1ce2e8db1147"
"code/code.lance/_versions/18446744073709551614.manifest" = "8690cd033cf775630a14c82a63f26908004596a829d1561fe6daba4415d5ec79"
"code/code.lance/_versions/latest_version_hint.json" = "99fd67c89da37e7ca5f6d62c8c814dbb3dae1ba7e760c3e8ff804a45590680b2"
"code/code.lance/data/00000101010101001101010087d9ce4ea8a4c53232b44fd535.lance" = "873e39882e111fc9c81175d32d1bc93f4cc94d768ddc7191a8d432ee479672f4"
"code/code.lance/data/010001110110110011110111fe9e014a51a88afb08a2cec6a8.lance" = "f17ec2c1d84b6e4854000fdafa0b62be759d2ee75d24962b183efa1df6d0462c"
"code/code.lance/data/1100111001010001110110108f32454ee182870b8e729b5f7d.lance" = "f7a987ca1cd199ea7ca852ff102e2156215cf39bb328a70eb09742539bce425b"
"code/metadata.json" = "a5319f3173e8481bb865cc2cbb9efb5785378fba9d5d13c1239c34a96be7671a"
"config.json" = "44136fa355b3678a1146ad16f7e8649e94fb4fc21fe77e8310c060f61caaff8a"
"embeddings/source-index.json" = "d14fdf2a6712743201a51d814602eae4426d8203fc1e194793f62aae57752589"
"graph/.gitignore" = "904e693de8f7554f0ab33d4d102ea260c3539f9815d71cc80b372ebc83449a71"
"graph/codegraph.db" = "7e1370a725d485fb17406a1a21b136a2813f726995c4f76289c29ecb41adb2d1"
"graph/codegraph.db-shm" = "fd4c9fda9cd3f9ae7c962b0ddf37232294d55580e1aa165aa06129b8549389eb"
"graph/codegraph.db-wal" = "e3b0c44298fc1c149afbf4c8996fb92427ae41e4649b934ca495991b7852b855"
"lance/__manifest/_transactions/0-c1ae62e1-6f5f-4324-b41c-cc09c035a154.txn" = "08d5bdc6cf6e9a04f772e503cd762d69e46ffcb1440b9a149e9da27430763cd6"
"lance/__manifest/_versions/18446744073709551614.manifest" = "60e9dfd05d4457009aa2a09b8d7b36d9b420bcd5f380aad4e56cc3d10f61b42b"
"lance/__manifest/_versions/latest_version_hint.json" = "2430f1a2ad2982d0067885488a4c89e21ad1d7c83b115ba8f1b20acc88dfaea8"
"lance/docs.lance/_indices/d2371500-7e59-43cb-a746-0b42e5484688/metadata.lance" = "190042d049b8ab8249dd41f6f9e77201767c151882a1ddd11305d1395e6f5253"
"lance/docs.lance/_indices/d2371500-7e59-43cb-a746-0b42e5484688/part_0_docs.lance" = "abe419535057e10230c52a18d0d45a1a834f900a9f495ed76de1b696ab14c98e"
"lance/docs.lance/_indices/d2371500-7e59-43cb-a746-0b42e5484688/part_0_invert.lance" = "2c1ca329c61f70140b6daaffc82c2dc33579fccd42021ddbe5d5d242b795b010"
"lance/docs.lance/_indices/d2371500-7e59-43cb-a746-0b42e5484688/part_0_tokens.lance" = "ad032700f6c8e61b647d3764818c2513e9b1557f0ef8efc79739b33663b03b5a"
"lance/docs.lance/_transactions/0-d09720d0-dc7d-4362-b2da-aff77a111649.txn" = "267c749fe69b489524ef0c4cbb1f6d3529f9e3213dbf561867396c9aadec8a40"
"lance/docs.lance/_transactions/1-8c0a5942-1521-494e-a01c-53eac68ab1a8.txn" = "6dcb8f844daede882ca7aec5bfd9cbec22813a72646a604eb19f8ec547a05e71"
"lance/docs.lance/_versions/18446744073709551613.manifest" = "c6ffa0b74eb6c1b07b45c4bb6f0b98a63ca4273443697f52f73994f7341916bb"
"lance/docs.lance/_versions/18446744073709551614.manifest" = "fbe59792d1224b98ff006ed8ca7908c2c0e384c561a3e0b15f61791e88d93972"
"lance/docs.lance/_versions/latest_version_hint.json" = "732322c128ed67841ef5aa42c7cd04ffcd74a61b2d17d710cd502b713d62930d"
"lance/docs.lance/data/11001001001110011000101056a00c42a2b5b6f1bdcf3ab339.lance" = "68b52a07d5883d3ae82e91b9b139f901209c191c872c08bc1bcf94a51db21724"
"lance/metadata.json" = "a1145a25524c62e27ec46c1293d269ef533c702b57b45f489d2470b24ea0e6d5"
"metadata.json" = "14a491961fde3834feb39b0a18c4d8023c98dd601fd4948cc9e632d23a0a3f39"

[[package]]
name = "sempkg"
version = "0.3.0-beta-30-gcfcfdefb0b81"
registry_url = "local:."
sha256 = "8cc8efa4d5e72eb9eddf7ade690d691324e72164e1c1b18dc4117cde494fdc9f"
signed = false
commit_sha = "308c3dbc2ef69d60b3192773ec67f64aa7eaad54"

[package.manifest_checksums]
"code/__manifest/_transactions/0-61ce3baa-5c47-417d-9070-6fecf8c3027c.txn" = "4a78b2a9abbd94f04281e25adb645b66131f8a30c662c07a8f3109357deec87d"
"code/__manifest/_versions/18446744073709551614.manifest" = "eab53d7110f8714901b8c7383cdf18d5e7b0710525b3e9809cee8f45374bb53c"
"code/__manifest/_versions/latest_version_hint.json" = "2430f1a2ad2982d0067885488a4c89e21ad1d7c83b115ba8f1b20acc88dfaea8"
"code/code.lance/_indices/dd1749f1-69b1-4f07-adfc-048dec3dacf0/metadata.lance" = "a128c191c90258fd425f4a1c3434c8c951d0f53a6a1f5dfe33c60294bbba1b61"
"code/code.lance/_indices/dd1749f1-69b1-4f07-adfc-048dec3dacf0/part_0_docs.lance" = "f13dda63a3e6ff1f3e4d4e6a46761181fbe734cb22d49a5fc8fb284292bf012e"
"code/code.lance/_indices/dd1749f1-69b1-4f07-adfc-048dec3dacf0/part_0_invert.lance" = "31a48f311735a3f9b7ca214a939b6cab260d8ab570615a32023281fd50ae54ac"
"code/code.lance/_indices/dd1749f1-69b1-4f07-adfc-048dec3dacf0/part_0_tokens.lance" = "01e08270d5291de0d96db489e8c92d0463608b156f227d59ee826a12faee0654"
"code/code.lance/_transactions/0-a987b61d-64ae-4504-90e3-999a2ba5edf5.txn" = "5ca82d57d97dca9447328129de2d7457309be9dd62e3a3bb7d0b5dd9dee26dc3"
"code/code.lance/_transactions/1-0e270ce6-a1b2-41a5-800a-03ef1ce5c045.txn" = "c98cf02f6ceefc6abf0552f932d3e506bea3812827a426f7dd68af035d9d30a0"
"code/code.lance/_transactions/2-23a8d9d3-5a05-4616-b32c-1989a5aa5cc9.txn" = "00e21630729a9408d0ab521994c9b3f7b7f5c5820c3de97e3410e2935add213a"
"code/code.lance/_versions/18446744073709551612.manifest" = "758446791847be9d87b13e2b8d992976a6af820a0ec41bd754364dab9837efc2"
"code/code.lance/_versions/18446744073709551613.manifest" = "9c33685282776151c1d86aeeeac8e4117410e5db81c2463f5420c88ee7be6612"
"code/code.lance/_versions/18446744073709551614.manifest" = "e68d4bd6a6eedd6010f9059bcf691f87f29c1b701c5d940044a349b26a1ccecf"
"code/code.lance/_versions/latest_version_hint.json" = "9af23cea10a478f3bb916ff35c07a36debe444adf9b56814ab63861ec674ab8b"
"code/code.lance/data/0110000011100101010101007337f841b3b95b5669d4509ba0.lance" = "7d3151c3a7e6e045f7dfedcdab4dd5af418f4370edfc98713659ac0cd128cc87"
"code/code.lance/data/111001110110110000110110781fc5409ebc248de15efdc00a.lance" = "aeb0cdda2592c33a801aa732cd195a86f57e661adabcfe7064319cf452354f3d"
"code/metadata.json" = "a6a338721db17f0d2cffb88a5edf5ff5fe5f2705128829960c5565ba5c8c9e6a"
"config.json" = "44136fa355b3678a1146ad16f7e8649e94fb4fc21fe77e8310c060f61caaff8a"
"embeddings/source-index.json" = "4dad448ab8ab05562c383fb9e56affddfa03dcffd0687f93eaa013b5fc058e47"
"graph/.gitignore" = "904e693de8f7554f0ab33d4d102ea260c3539f9815d71cc80b372ebc83449a71"
"graph/codegraph.db" = "bf619b0645645a9e3053214d9650971feee7f9ffe150ca1cc24852fcab4fa1b8"
"graph/codegraph.db-shm" = "fd4c9fda9cd3f9ae7c962b0ddf37232294d55580e1aa165aa06129b8549389eb"
"graph/codegraph.db-wal" = "e3b0c44298fc1c149afbf4c8996fb92427ae41e4649b934ca495991b7852b855"
"lance/__manifest/_transactions/0-c9131bd4-9e90-42ac-a1bd-3e3617ef0646.txn" = "812c7f2528455aa03b57ce1aab30eeb5fa8bd9058620eca38ab85ee5fe0b2520"
"lance/__manifest/_versions/18446744073709551614.manifest" = "4f55b3f1e8ce18d1ecb5f14d18f62c753da95eaaf10096aec66fea4777878193"
"lance/__manifest/_versions/latest_version_hint.json" = "2430f1a2ad2982d0067885488a4c89e21ad1d7c83b115ba8f1b20acc88dfaea8"
"lance/docs.lance/_indices/46f4e6b9-5863-4a81-bd39-09dd829ba3cf/metadata.lance" = "06a990773b8ca2aa6c8e65019632416f50d6f79c3728686f14a9c3a921eb1d92"
"lance/docs.lance/_indices/46f4e6b9-5863-4a81-bd39-09dd829ba3cf/part_0_docs.lance" = "1b449b11d21d552e08d19ac1ad3776a9a349352803139fe7000fadc2b1e3a33d"
"lance/docs.lance/_indices/46f4e6b9-5863-4a81-bd39-09dd829ba3cf/part_0_invert.lance" = "ddce3ccec476a5997d701d45b03536c679cc117f68af2ad3787881054787ade5"
"lance/docs.lance/_indices/46f4e6b9-5863-4a81-bd39-09dd829ba3cf/part_0_tokens.lance" = "1b4bf6cb15aabdedebfb0d453da45814f6163753d9f2ec32cf2de735ad42951f"
"lance/docs.lance/_transactions/0-e507e6fc-5783-49f3-a38f-a68fd6ab3322.txn" = "8d9edf079f8ffbacfdc360dab31564a93b5b900f33fb92793ef0c024812f5f73"
"lance/docs.lance/_transactions/1-8b1effaa-ac7d-40bd-b090-88f41e8f08c5.txn" = "06142a6f60e6b82bf0418377537df605e5237dcedf9c44211afaf297f596eaeb"
"lance/docs.lance/_versions/18446744073709551613.manifest" = "0c3aefc456c50df05c7e478a6f02975dacc26019c760940f2f753c5dc9d0c2ef"
"lance/docs.lance/_versions/18446744073709551614.manifest" = "23372b8f35c6e30cd3fbcd49acb23ac95e0e92a2bd9375b98a02ee8e8a56123c"
"lance/docs.lance/_versions/latest_version_hint.json" = "732322c128ed67841ef5aa42c7cd04ffcd74a61b2d17d710cd502b713d62930d"
"lance/docs.lance/data/101011001111100001100010c0b0e64765b3ad0986a1df9f82.lance" = "fcdc31404f2ad56c5052ed80cc59be46d6f4f535e63f227fdad7f273996d428d"
"lance/metadata.json" = "5b9a61a023e772e9ae515a75c6654c93c19ff7bf33acc971851337c674e3f87b"
"metadata.json" = "d460fcf436d539706efa72318269ac7556c49844322a66da29b51ff7c24f4930"
