# Auto-generated by sempkg. DO NOT EDIT.
# Commit this file to ensure reproducible installs.

[[package]]
name = "sempkg"
version = "0.3.0-beta-30-gcfcfdefb0b81"
registry_url = "local:."
sha256 = ""
signed = false
commit_sha = "13021fb2e29c8e0ebf70f842e4a7835096813ad1"

[package.manifest_checksums]
"code/__manifest/_transactions/0-eafc7ca8-0377-47fc-846c-3331cf1f5251.txn" = "4a910faea7b4b16260437ba5cb9b8cad1575388154656dd66ea9ef60c77bcb0f"
"code/__manifest/_versions/18446744073709551614.manifest" = "16085a7e092ccb0a76efe1a1560a617322ea4ca30c6203d2fe235b10099892cc"
"code/__manifest/_versions/latest_version_hint.json" = "2430f1a2ad2982d0067885488a4c89e21ad1d7c83b115ba8f1b20acc88dfaea8"
"code/code.lance/_indices/7307cb14-35c6-4fd5-b654-78f1c6943ff3/metadata.lance" = "06a990773b8ca2aa6c8e65019632416f50d6f79c3728686f14a9c3a921eb1d92"
"code/code.lance/_indices/7307cb14-35c6-4fd5-b654-78f1c6943ff3/part_0_docs.lance" = "6cdc8a690edc340d1181992a0ee475cb2b757e6693c0e0cf19c6438b2b2f61cd"
"code/code.lance/_indices/7307cb14-35c6-4fd5-b654-78f1c6943ff3/part_0_invert.lance" = "5d0835aecad19ea901a25926de735d61670cc5b493ac33ae83059a4339145e21"
"code/code.lance/_indices/7307cb14-35c6-4fd5-b654-78f1c6943ff3/part_0_tokens.lance" = "7a259d0c16fc897cf412e6bd72298da9c532507f8f8eca0cbcc652f67eed18af"
"code/code.lance/_transactions/0-692c7d54-ecea-45fb-bcb5-cc1c08cadc49.txn" = "0a692b62a4a5fe5e6556bd95d5b5b3ed4a0d353d0e37a4857ab9e26f0fa3ddb3"
"code/code.lance/_transactions/1-5387a5a6-c66e-41cd-be62-bfd16c88263c.txn" = "08508991f773c10c578afaa1f93e898fa68760f17e8dcd26268f00f9544e0b60"
"code/code.lance/_versions/18446744073709551613.manifest" = "f5a42fee46523d3581dc7b6a94349f805f877dca405a6c8dbf6b6c11ba61bf7a"
"code/code.lance/_versions/18446744073709551614.manifest" = "bbc5d2c0addec1e1b0f8932a69cf8fa3038666c5fa911f294e6331f180d71a89"
"code/code.lance/_versions/latest_version_hint.json" = "732322c128ed67841ef5aa42c7cd04ffcd74a61b2d17d710cd502b713d62930d"
"code/code.lance/data/0100011111001010010100001e04df4ee7bd109c0a8adb2843.lance" = "58cffe81f0f1f0761e7f14bacfc392226f2714b7f794b4b1193683a4e8741f23"
"code/metadata.json" = "359b7b6788d2a404a351cd4a62b8b5eecdaeff78fb611241e4673427424a0e85"
"config.json" = "44136fa355b3678a1146ad16f7e8649e94fb4fc21fe77e8310c060f61caaff8a"
"embeddings/source-index.json" = "4dad448ab8ab05562c383fb9e56affddfa03dcffd0687f93eaa013b5fc058e47"
"graph/.gitignore" = "904e693de8f7554f0ab33d4d102ea260c3539f9815d71cc80b372ebc83449a71"
"graph/codegraph.db" = "000db3fc01dd535fb905416e8d53d1d260c6d2bb164b10f5c464325851600193"
"lance/__manifest/_transactions/0-278b101f-b8ec-4e19-8b9a-55413c6dc2e3.txn" = "28f6325b8ad586be5b0fd8c984c0a0b5f2c94a4f36f0313d04b4de82bc29b8f2"
"lance/__manifest/_versions/18446744073709551614.manifest" = "ff007c962e9f37b2e55299f5b56cc1df81ae750c90f218786672a5f9667a9479"
"lance/__manifest/_versions/latest_version_hint.json" = "2430f1a2ad2982d0067885488a4c89e21ad1d7c83b115ba8f1b20acc88dfaea8"
"lance/docs.lance/_indices/12f6a2f7-0c55-461d-9298-5cb34dda9ad8/metadata.lance" = "778beffe2ac34550b11b5e286e1a080c282c54e0939bf68e4d8522421fe2c227"
"lance/docs.lance/_indices/12f6a2f7-0c55-461d-9298-5cb34dda9ad8/part_0_docs.lance" = "c5b6bad8559d2c3dbf26ad69c91de8af7c05cf61bcbb9d97c6aaefa5ebb73c9e"
"lance/docs.lance/_indices/12f6a2f7-0c55-461d-9298-5cb34dda9ad8/part_0_invert.lance" = "2bae4e2e8e35dc5341927f06c6d1ea2b71a441690b1a23e962d9638caf91b37a"
"lance/docs.lance/_indices/12f6a2f7-0c55-461d-9298-5cb34dda9ad8/part_0_tokens.lance" = "93c12bbf3febdcccaa1bd14ee690aef6da979da830312ee3e4d5fa79cac467a5"
"lance/docs.lance/_transactions/0-ec9e9573-6ab2-4f15-8d2a-cf400220b15d.txn" = "9c0d10ceab9559134f87971511536c57e0af95de0b8a5e07b01884ebb9d3ca1c"
"lance/docs.lance/_transactions/1-76b77374-12c2-4b77-8741-d457fe965fa3.txn" = "b602b05f138d39faf23f971efa1baaa60cfef89ae3e21fcf5b20692d42f39253"
"lance/docs.lance/_versions/18446744073709551613.manifest" = "b8d904222eb3f86989cc8fbe6c53922f16bae8ae467765711ae137c91636289d"
"lance/docs.lance/_versions/18446744073709551614.manifest" = "fa35e8cfe0e224e2921faad522a4e52ad7478335f248bbff0c4772db0a335522"
"lance/docs.lance/_versions/latest_version_hint.json" = "732322c128ed67841ef5aa42c7cd04ffcd74a61b2d17d710cd502b713d62930d"
"lance/docs.lance/data/1011110010101001001101114eb72a4806a5c982943dd9cc9f.lance" = "5993403806f9fc88278995c51118cad9dfaac405a77562ad42f5ff92c666e0cb"
"lance/metadata.json" = "f166a9444ad50b69e8a056fa017a04bcdef45e748d7b27f5ec0b5e3a656564d7"
"metadata.json" = "375a2412a497d2070e6045650bcb648a259a4957a66e08e2fde2ebdfebc02c71"

[[package]]
name = "codegraph"
version = "0.9.7"
registry_url = "github:colbymchenry/codegraph"
sha256 = ""
signed = false
commit_sha = "f29825c090f37ee629cade6d9cae9821461dcd14"

[package.manifest_checksums]
"code/__manifest/_transactions/0-4e09a719-d653-4a07-9bb7-b6e4e463f606.txn" = "789b82f5d0240bea9d4b999f305c82c315dcc0bdd8a0db74d0b5853cf12085f6"
"code/__manifest/_versions/18446744073709551614.manifest" = "d9abe991bdb64edd9d62432f0b81358e4ad1da09e709f5162e1cb39dfd61b6d7"
"code/__manifest/_versions/latest_version_hint.json" = "2430f1a2ad2982d0067885488a4c89e21ad1d7c83b115ba8f1b20acc88dfaea8"
"code/code.lance/_indices/99027d2a-b2d0-4605-854f-7548ea86ef46/metadata.lance" = "db0348f6c4a2cee43fbef32854f01b4cfe271c0a18d2db238c7c8d99f1c51166"
"code/code.lance/_indices/99027d2a-b2d0-4605-854f-7548ea86ef46/part_0_docs.lance" = "2e82c6881ccd0e8d866b0a9678ca148b2da49063dced007dc9be31c79db0fa2d"
"code/code.lance/_indices/99027d2a-b2d0-4605-854f-7548ea86ef46/part_0_invert.lance" = "772d2860e62a6b8a6379cf48ecabfb41ecd1254681b5469dde737ace12f59d7f"
"code/code.lance/_indices/99027d2a-b2d0-4605-854f-7548ea86ef46/part_0_tokens.lance" = "0cc90f419394035373f49f1feb969082ea04f7ce38c52c617570e1464e8021e5"
"code/code.lance/_transactions/0-611adea9-e4b6-4b92-a7bc-160d20517f65.txn" = "34cbd0de628a94848712d301c8bbac29f537c54c553bf65d30fe60c8ec564047"
"code/code.lance/_transactions/1-c05b887e-7395-4d07-836c-9ca14537dc26.txn" = "f29ea3c3a40a8cc1db8c67f6a84633f9c5072fe6d72723fd8e3f29a44bba1b63"
"code/code.lance/_versions/18446744073709551613.manifest" = "14b4703997a6298fca44eaef347a7fa85a816ef56908ff910fdbb2d2e409d269"
"code/code.lance/_versions/18446744073709551614.manifest" = "8fb8e6b8a4aa0a77e569b833da9a77faa3c3e9555a41ef346aefd6b66b99e459"
"code/code.lance/_versions/latest_version_hint.json" = "732322c128ed67841ef5aa42c7cd04ffcd74a61b2d17d710cd502b713d62930d"
"code/code.lance/data/111001011000001110110110cb9f6d4859bad94dde3e39cc29.lance" = "48d2ea69aeaf65dbeefa52d3f1df1510ab5fe61138f0ff133a4a02679718aceb"
"code/metadata.json" = "b44f069a2902f2498cca9d990e866cf0caea53e5f977ee7400bf82c60701682a"
"config.json" = "44136fa355b3678a1146ad16f7e8649e94fb4fc21fe77e8310c060f61caaff8a"
"embeddings/source-index.json" = "2f1b55631318fcbc250181bae488a1f657443c43d5a1fce3ff74d64f890690b8"
"graph/.gitignore" = "904e693de8f7554f0ab33d4d102ea260c3539f9815d71cc80b372ebc83449a71"
"graph/codegraph.db" = "bf58566faa9f1921af604fc0896b03f17eedba28e1f3f7121cc09bb1e1a50032"
"lance/__manifest/_transactions/0-8dda9f09-18d5-4a9f-855f-cbc7d063dd07.txn" = "11524463778127099fed1027c55f1a94ef66b29b49a1fce19e486896bbe0c771"
"lance/__manifest/_versions/18446744073709551614.manifest" = "9b3a7a9bfe0b21148a770ee7b96bbc854b7fc9636563b9362d296e2a2e525ad5"
"lance/__manifest/_versions/latest_version_hint.json" = "2430f1a2ad2982d0067885488a4c89e21ad1d7c83b115ba8f1b20acc88dfaea8"
"lance/docs.lance/_indices/33a11b1b-0cb4-41cb-899b-bcc3e01762f8/metadata.lance" = "190042d049b8ab8249dd41f6f9e77201767c151882a1ddd11305d1395e6f5253"
"lance/docs.lance/_indices/33a11b1b-0cb4-41cb-899b-bcc3e01762f8/part_0_docs.lance" = "063b00051e6cf1079ced9a728b5e650b0b7127c1df53e284ebe2b14c07bc6e50"
"lance/docs.lance/_indices/33a11b1b-0cb4-41cb-899b-bcc3e01762f8/part_0_invert.lance" = "a206709871620fe0342840da1021d4a694f3348fb161b364b5fc66c6c89f89f5"
"lance/docs.lance/_indices/33a11b1b-0cb4-41cb-899b-bcc3e01762f8/part_0_tokens.lance" = "0855790c5abbb9d68d1fed8e84407f8887729bde86ba3fc8d704d4e780b7c11d"
"lance/docs.lance/_transactions/0-ade3b4ce-17a4-49f6-88e1-d0d89c931df7.txn" = "15c9f31a8968dc4ba9f8aff4a7e2297613b1378943fcc847f1a231d128c21408"
"lance/docs.lance/_transactions/1-ce72ce21-806e-4ad0-b097-c080421e1cd7.txn" = "980de12dbcd7e55b2c2586ebb0b30f4e0abd742d85dc7d7f5a78598607e0d3b1"
"lance/docs.lance/_versions/18446744073709551613.manifest" = "f15a3362bcf2d82651f1a4ca74a1a78ec94a93df3a9317164433806e63310b8e"
"lance/docs.lance/_versions/18446744073709551614.manifest" = "93d73479b03fb43b3fd5c3e49b2ef5bafe77ea60f48c83e9b26640dfa1798385"
"lance/docs.lance/_versions/latest_version_hint.json" = "732322c128ed67841ef5aa42c7cd04ffcd74a61b2d17d710cd502b713d62930d"
"lance/docs.lance/data/1110100110111010010010016d143a422da8204d89a8183086.lance" = "7e2019954ce32d2ba759f5dc1b96bd341f628d46f301b09ff4ff606810e2baa7"
"lance/metadata.json" = "518eb68cd819971843719fb0d86249328916e9ddc6e899754d4f5de9ce0435ca"
"metadata.json" = "f97957394b11f77848ea5870e56181037713d6e39d507cfe2dd1cf16581050f4"

[[package]]
name = "lancedb"
version = "0.30.0"
registry_url = "github:lancedb/lancedb"
sha256 = ""
signed = false
commit_sha = "a5288de8d14ff0dfbf42a69c5e2a557b06ebfb6b"

[package.manifest_checksums]
"code/__manifest/_transactions/0-f6def042-65c1-417b-8820-53462946097c.txn" = "02f12039e0303df054215c47452dbe7d2d5467055d71ea68e38c77f6155bda42"
"code/__manifest/_versions/18446744073709551614.manifest" = "b2408261d50634958f9fb3cbacd522fa72043101a0be38bc97dff6fab73953f3"
"code/__manifest/_versions/latest_version_hint.json" = "2430f1a2ad2982d0067885488a4c89e21ad1d7c83b115ba8f1b20acc88dfaea8"
"code/code.lance/_indices/0bc64749-29bb-48ae-8e9e-2c19b15f0d70/metadata.lance" = "624be1098dea71756c60b9e0533d09aa312f740a2889d311dd593ca476de7276"
"code/code.lance/_indices/0bc64749-29bb-48ae-8e9e-2c19b15f0d70/part_0_docs.lance" = "fd13054830340abe36e9fe6de7e9f5f4f3eb3964b6fecfab46aa28dbdc7237ea"
"code/code.lance/_indices/0bc64749-29bb-48ae-8e9e-2c19b15f0d70/part_0_invert.lance" = "10bccbd673c17edc8492d68ed33bcdbb02ae2d825609604ac99feaa985169bc0"
"code/code.lance/_indices/0bc64749-29bb-48ae-8e9e-2c19b15f0d70/part_0_tokens.lance" = "cd12699b4aac37ae4f43ca97df4bd81038977c3d4370c4018f578f3112e8d7f1"
"code/code.lance/_transactions/0-ccd56017-1384-4812-90c3-36f9493ae321.txn" = "630f73852d7af17278567065916b1533275345847ce3f4f27a30e26d401aefc0"
"code/code.lance/_transactions/1-fa2d5fc2-32ee-4211-b47f-aa39f15b7842.txn" = "83a21d06d17a216fc87771043471473d8e7c838521db9e4376e50fd002caeb1f"
"code/code.lance/_versions/18446744073709551613.manifest" = "30e2296e5182859aa54115a233f60eee6b9833cd3901bc9d9823c61b83512b6c"
"code/code.lance/_versions/18446744073709551614.manifest" = "392483468835992ad9875110b8b454cbc0c9192bf58c70ba89cd9dee63c558b0"
"code/code.lance/_versions/latest_version_hint.json" = "732322c128ed67841ef5aa42c7cd04ffcd74a61b2d17d710cd502b713d62930d"
"code/code.lance/data/000011111101011100100010127c0f4a8296d7dffa2ed3d96e.lance" = "29834714ff237527add25b6b41eb1ca81c60b43dbc1daadb66cfc29c471d920e"
"code/metadata.json" = "aad7629791459c540b906831faca77a972662e15e5a05247b2332b75a98b06c1"
"config.json" = "44136fa355b3678a1146ad16f7e8649e94fb4fc21fe77e8310c060f61caaff8a"
"embeddings/source-index.json" = "d063885dce688eaa1f0dab4202cab9cc5acb6a05dd49827558a1e6505d321446"
"graph/.gitignore" = "904e693de8f7554f0ab33d4d102ea260c3539f9815d71cc80b372ebc83449a71"
"graph/codegraph.db" = "67d6234e4f11df4b6445e62deaa575cea2f4d46932b1506b7ed8045f1205226d"
"lance/__manifest/_transactions/0-4a350edf-be67-46fb-863f-b31c0862a2d5.txn" = "582a92f529ff22303edea1436ba64c7f422b631d63a1a6a76250ae025b8edaa3"
"lance/__manifest/_versions/18446744073709551614.manifest" = "64797968bed0d78f25a9e03b37d143282fa8f760479ed3339a90464a4498c919"
"lance/__manifest/_versions/latest_version_hint.json" = "2430f1a2ad2982d0067885488a4c89e21ad1d7c83b115ba8f1b20acc88dfaea8"
"lance/docs.lance/_indices/ebf975bb-4cc1-43b3-85af-33087c14e145/metadata.lance" = "efdcce1a6ee88412a2891bbc61111629aa7fdeda815f67fbe8bd51d9cb5fd4ec"
"lance/docs.lance/_indices/ebf975bb-4cc1-43b3-85af-33087c14e145/part_0_docs.lance" = "c4cacb1ee1c9cd737242ed019148ac47f27887b6fb9d7c4c9eb13c28b6b6b36c"
"lance/docs.lance/_indices/ebf975bb-4cc1-43b3-85af-33087c14e145/part_0_invert.lance" = "27ede381859a219f9c2a807c6a1ec451290f0169ec1a256e2fda4240486e9e2e"
"lance/docs.lance/_indices/ebf975bb-4cc1-43b3-85af-33087c14e145/part_0_tokens.lance" = "e55f92427a4885981d52b3b34b58b0711e6218761b1ebe8a6aae6bb649a533c2"
"lance/docs.lance/_transactions/0-75824f5c-3d4b-4720-bb5f-784e76b339ac.txn" = "0e40cd0c65bf81e0688eab2138a12f7b7040c7a08dd3050fb0d19ef64cc50bd6"
"lance/docs.lance/_transactions/1-22b6b5df-38d6-4d93-8532-95c291d545a0.txn" = "0edffbdbcccf3825a5b01e7cb7478151e0c2fd7577b82e9d7ebd6cfc0c686c0a"
"lance/docs.lance/_versions/18446744073709551613.manifest" = "b1eab29306321500096a68a7cf885627f6b1d1d69855e74a49b0dc5fbb441d97"
"lance/docs.lance/_versions/18446744073709551614.manifest" = "4c72e7af9cedcdfb919d8689cf7b8860368732eb0af574cf8bde364552639305"
"lance/docs.lance/_versions/latest_version_hint.json" = "732322c128ed67841ef5aa42c7cd04ffcd74a61b2d17d710cd502b713d62930d"
"lance/docs.lance/data/101001110111111110100010e1e3c14bed8f94ff1f1436640d.lance" = "301d168573ad4c5bffb111cb1e39c611169c05d74ce562d85413b17dc733c0d6"
"lance/metadata.json" = "5b76bdf35b6ae852e374689fb397fc66d56939814b2eb9d979c80bd38c70c99f"
"metadata.json" = "9aaef02a713457259ea3bf5cb2c4a022278524a3d1d85700948f496f02c174c8"

[[package]]
name = "qmd"
version = "2.5.2"
registry_url = "github:tobi/qmd"
sha256 = ""
signed = false
commit_sha = "443760f4d5a17550d77a0e3146b5b8f08452991f"

[package.manifest_checksums]
"code/__manifest/_transactions/0-cd50bd77-95ba-4998-9fe0-8fea8b019700.txn" = "12ab88b832996327a23f3c863aa32d78501c31adf7b750e7a27ea767e68ce491"
"code/__manifest/_versions/18446744073709551614.manifest" = "307e9356dee68d2039522ab54978e248a4dc48c088ae658d7f77ad9f47e1757e"
"code/__manifest/_versions/latest_version_hint.json" = "2430f1a2ad2982d0067885488a4c89e21ad1d7c83b115ba8f1b20acc88dfaea8"
"code/code.lance/_indices/3d2b497f-430c-45c2-8c9e-176fa92eb6bb/metadata.lance" = "577b19ff0cefe35d7ce1d66d6fdf4fb4ee7de974c6477af10a7c42376d445a8c"
"code/code.lance/_indices/3d2b497f-430c-45c2-8c9e-176fa92eb6bb/part_0_docs.lance" = "10902acfa0a0bacf64a22beb22485fac1b5c9f71886b5ad843655a34c2c288ce"
"code/code.lance/_indices/3d2b497f-430c-45c2-8c9e-176fa92eb6bb/part_0_invert.lance" = "c3bd041ecc236ba3b66909b7965f2ff25cac2ae933f9a9627b6f646e90d87ac0"
"code/code.lance/_indices/3d2b497f-430c-45c2-8c9e-176fa92eb6bb/part_0_tokens.lance" = "eef6742ad49973eda4fa01dea0e1e0ca75b4778f95753a64d79bea47fc75c3f6"
"code/code.lance/_transactions/0-20d176af-2fc3-46e4-9de9-8d462e85e733.txn" = "06b200e59f71af8202c81667e1704bda244c7ce49a3a36215f51dacc06bcaf5a"
"code/code.lance/_transactions/1-0fb80b5d-2207-4d39-ac33-5bfe29efc1fa.txn" = "55c386e9662782e661ee4388df5ed9e9c7038d9efcf235c158190b288e5e575b"
"code/code.lance/_versions/18446744073709551613.manifest" = "53895ffe3d01b6d32a84fa73d5be313c242a4c8f3c9cb902c311058220468b1e"
"code/code.lance/_versions/18446744073709551614.manifest" = "9a3e103fbd57131d99311e87c9b3a102cbcdf9f990a335658a26c03371736e2c"
"code/code.lance/_versions/latest_version_hint.json" = "732322c128ed67841ef5aa42c7cd04ffcd74a61b2d17d710cd502b713d62930d"
"code/code.lance/data/010111101001011110111001e5999840beadf2f872113218d3.lance" = "681531daae041897f47854ec62f1ab70c70bfa7fe025edf46d8e3c942c48cf15"
"code/metadata.json" = "fadd5d72d036cd1efb7dc2fc374a2fd5ab2310b778f3813824f036c69df66ba4"
"config.json" = "44136fa355b3678a1146ad16f7e8649e94fb4fc21fe77e8310c060f61caaff8a"
"embeddings/source-index.json" = "3ce8cd109b8f69960182147ec9d51b523b83d12128c072b49ee6dabdcb395a4e"
"graph/.gitignore" = "904e693de8f7554f0ab33d4d102ea260c3539f9815d71cc80b372ebc83449a71"
"graph/codegraph.db" = "e49a2b972e34792dab946042f5cdecd36f86c182e665067346e5e2d93017e354"
"lance/__manifest/_transactions/0-e7766771-ef59-4591-9b35-4c131e8aca7f.txn" = "02304f05895aae1288338c5f1ea9c22b4c175e14db33d06c893cb65064f52551"
"lance/__manifest/_versions/18446744073709551614.manifest" = "e7d73feee343ed9266295538a06eb6f8741d941e89b050dd5b6c108a36f79112"
"lance/__manifest/_versions/latest_version_hint.json" = "2430f1a2ad2982d0067885488a4c89e21ad1d7c83b115ba8f1b20acc88dfaea8"
"lance/docs.lance/_indices/aac1cdf6-213f-49e2-9289-a002896ca297/metadata.lance" = "df24a09a2a33c2ba72b9796043465716bb047f9dd0c5d443f53db5c1f83539a2"
"lance/docs.lance/_indices/aac1cdf6-213f-49e2-9289-a002896ca297/part_0_docs.lance" = "abe419535057e10230c52a18d0d45a1a834f900a9f495ed76de1b696ab14c98e"
"lance/docs.lance/_indices/aac1cdf6-213f-49e2-9289-a002896ca297/part_0_invert.lance" = "2c1ca329c61f70140b6daaffc82c2dc33579fccd42021ddbe5d5d242b795b010"
"lance/docs.lance/_indices/aac1cdf6-213f-49e2-9289-a002896ca297/part_0_tokens.lance" = "ad032700f6c8e61b647d3764818c2513e9b1557f0ef8efc79739b33663b03b5a"
"lance/docs.lance/_transactions/0-18dfaae2-bf10-4da5-825e-4cb162c190e1.txn" = "5ff2ac2fe37f8af8fa6d0c30dd36abe5e6d2b54fa6926572e66097a0e503c483"
"lance/docs.lance/_transactions/1-1f60ab0f-ea79-4f03-a537-32f145ae8528.txn" = "bb12ef131a656a5476327aef2fb4a0af926070a7f0ae60ca9b45291735085e2d"
"lance/docs.lance/_versions/18446744073709551613.manifest" = "da37c3d95d36de24f279bd24dee1d5ae82e6308c9ecb07dfdf1545beef53bb3b"
"lance/docs.lance/_versions/18446744073709551614.manifest" = "2956969acbce831c44262ba6b98453f5fe32b45e11d2f2cc8bc50c4dc4d5476c"
"lance/docs.lance/_versions/latest_version_hint.json" = "732322c128ed67841ef5aa42c7cd04ffcd74a61b2d17d710cd502b713d62930d"
"lance/docs.lance/data/101101110000011011110011320bda4bb7b998308464cc9f13.lance" = "68b52a07d5883d3ae82e91b9b139f901209c191c872c08bc1bcf94a51db21724"
"lance/metadata.json" = "141081112a6f7c589bd8f2deaf2177d908ae475a0e43788de1265e944634be23"
"metadata.json" = "9ecb06cf8ef4c13bb7ba1d5db7d825e9649bb2f2c16c545b49669ed85f48e472"
