# Auto-generated by sempkg. DO NOT EDIT.
# Commit this file to ensure reproducible installs.

[[package]]
name = "codegraph"
version = "0.9.7"
registry_url = "github:colbymchenry/codegraph"
sha256 = "013fc389690cf1136eed5b5d813cb724ce737df36de280b69096171e2f88f430"
signed = false
commit_sha = "f29825c090f37ee629cade6d9cae9821461dcd14"

[package.manifest_checksums]
"code/__manifest/_transactions/0-75cac295-3e36-484c-a743-a440220b8994.txn" = "e825b7db8f565d418e00577cb40fb9fdd0bdaaeec899052b85263f303134a887"
"code/__manifest/_versions/18446744073709551614.manifest" = "ec27f7be77b7bb0b2985cfb4c4c99383680ff255d34534b65dd87e18f71ed945"
"code/__manifest/_versions/latest_version_hint.json" = "2430f1a2ad2982d0067885488a4c89e21ad1d7c83b115ba8f1b20acc88dfaea8"
"code/code.lance/_indices/4920c17e-152b-4f8c-aae7-860ba5984905/metadata.lance" = "eaea795bdc40e28da0732ff6ebef410a8aef2b94ce305f514f537583c25d718f"
"code/code.lance/_indices/4920c17e-152b-4f8c-aae7-860ba5984905/part_0_docs.lance" = "ed5e291e26096fdac1ea6d68737ae37f13fd11d311c3f29c1ead970e3be54da2"
"code/code.lance/_indices/4920c17e-152b-4f8c-aae7-860ba5984905/part_0_invert.lance" = "15c50241446e76f79b3b42fb6617866393eb3c6fb3f776923373ff020c9598cd"
"code/code.lance/_indices/4920c17e-152b-4f8c-aae7-860ba5984905/part_0_tokens.lance" = "76bf9eab6b6fc4b697916e0be65c19a702647566414d90dc320f6f74042dd416"
"code/code.lance/_transactions/0-3a15851d-20a1-4850-aed5-04824ae7c980.txn" = "81a9b439c121c05ac81dd869906887eda94c07115dcb996800c685989620166d"
"code/code.lance/_transactions/1-f68adf54-6be7-4236-a16b-227b8f7fc3d9.txn" = "2c7b51ae0e00636823dcf86146328d13165ff47521a63ce814d088faca37bdde"
"code/code.lance/_transactions/2-7a8e1851-fa5c-4ad4-89c3-666aaa451fb4.txn" = "81ed6420108c184e535132e22790933067e098c348c119b539da4168bcc719aa"
"code/code.lance/_transactions/3-7f2894d2-0dad-42d6-a530-20b72f6a5561.txn" = "98081c2e9af57d7942ea76ad3dcae19c25bfb7bebc5680ce3a390231ae8e4e30"
"code/code.lance/_transactions/4-e87f31f8-0387-40f4-b1d1-0c895cee608c.txn" = "5b538ea4b35a00ecd023c1f3dbc40b4decd91f3cc41e8d6ec7de6eefb9216b6e"
"code/code.lance/_versions/18446744073709551610.manifest" = "8e52e998d72ccee0d4388f252da7647940990f3401140c0cfae96fe9270963dd"
"code/code.lance/_versions/18446744073709551611.manifest" = "3bb6f0bf7a3e039687f933aacd256f9504f44720e4ae996558435542be4986bb"
"code/code.lance/_versions/18446744073709551612.manifest" = "9fddb5f7b12b083f077ff60129c7c5f67cbdd4eae23ea4815c5490a278da9490"
"code/code.lance/_versions/18446744073709551613.manifest" = "f28545602d9402954c8c3df00a7cdf06bc232948dfd5339c5bb8d4edded47d0d"
"code/code.lance/_versions/18446744073709551614.manifest" = "bb4061851550824abb4633ec3a5f7f0023d737e91c216090539c0d3de672a432"
"code/code.lance/_versions/latest_version_hint.json" = "7340e8bcc54419e2a1e91c5b427e224167b614525b146e4b2c2f6e4c9563c05e"
"code/code.lance/data/00111111001011011000000021758f480e806a41afabfe8692.lance" = "ecf4920843c2659869c05dd03b35305abf132abf12e017d791b4dbbd41ec8eac"
"code/code.lance/data/100001001001101001110011516d974d6d94ff49a0db891e78.lance" = "a55ab6caab36180be7dfebdfd30490a318b2685f2cac9fa78bea08834c99c2e6"
"code/code.lance/data/110001100000011111010000b81826425093f3510dadb63821.lance" = "0600a7943bd42da302c3cc96f30a60b62fc0f748f99517f69aacca2854e59bf3"
"code/code.lance/data/111110110010011100101010ce71dc4822a7db0199ce495401.lance" = "e5e6e4b4e3cc6f0118c3b09eadd563a34f182b77d77ceeccc11297308ab88cfd"
"code/metadata.json" = "370d4239e23c3315b2a11a9fc1aada89e3f738ca9280b7ed549d19f1d5917b19"
"config.json" = "44136fa355b3678a1146ad16f7e8649e94fb4fc21fe77e8310c060f61caaff8a"
"embeddings/source-index.json" = "69de3e03f54fdc4132de23ff54e8730ef8519ba3696d488dc98b522caf637ad5"
"graph/.gitignore" = "904e693de8f7554f0ab33d4d102ea260c3539f9815d71cc80b372ebc83449a71"
"graph/codegraph.db" = "d20aff0ae0d32a626f7910d5489263dd1eb285ea886b6bae94df79729f5283f6"
"graph/codegraph.db-shm" = "fd4c9fda9cd3f9ae7c962b0ddf37232294d55580e1aa165aa06129b8549389eb"
"graph/codegraph.db-wal" = "e3b0c44298fc1c149afbf4c8996fb92427ae41e4649b934ca495991b7852b855"
"lance/__manifest/_transactions/0-26872bb5-6b07-4f73-8dee-b9ebddbdc26d.txn" = "130b0f63f198f88495a0e48a9e36bd79702158aa2de1b2ec9fa1a8ca08ddd388"
"lance/__manifest/_versions/18446744073709551614.manifest" = "4b61f53943e1149fd83f05e26460662a1e4895fbfee56855cd2efc5ac81bed7e"
"lance/__manifest/_versions/latest_version_hint.json" = "2430f1a2ad2982d0067885488a4c89e21ad1d7c83b115ba8f1b20acc88dfaea8"
"lance/docs.lance/_indices/0153462f-5d4b-4568-94d8-f48cd15ba470/metadata.lance" = "577b19ff0cefe35d7ce1d66d6fdf4fb4ee7de974c6477af10a7c42376d445a8c"
"lance/docs.lance/_indices/0153462f-5d4b-4568-94d8-f48cd15ba470/part_0_docs.lance" = "063b00051e6cf1079ced9a728b5e650b0b7127c1df53e284ebe2b14c07bc6e50"
"lance/docs.lance/_indices/0153462f-5d4b-4568-94d8-f48cd15ba470/part_0_invert.lance" = "a206709871620fe0342840da1021d4a694f3348fb161b364b5fc66c6c89f89f5"
"lance/docs.lance/_indices/0153462f-5d4b-4568-94d8-f48cd15ba470/part_0_tokens.lance" = "0855790c5abbb9d68d1fed8e84407f8887729bde86ba3fc8d704d4e780b7c11d"
"lance/docs.lance/_transactions/0-c258fce3-f0a1-4356-b8a9-975c0d45e763.txn" = "5ea4e5c3547188bb49dbb40819df404e7a45b98e6634504bbcdf01b360f298c9"
"lance/docs.lance/_transactions/1-ef2acef2-b2dd-4790-aaeb-289832a58a58.txn" = "c43ab3c60d4bbd48a5486cfa0cfd1f6b1d416caf17ee9b458511367d08b5cc42"
"lance/docs.lance/_versions/18446744073709551613.manifest" = "1d8b7d6b6f621f7a66d67856201495ffd6ce32940c6dc37f2a005a3fbc05ea26"
"lance/docs.lance/_versions/18446744073709551614.manifest" = "013d88e94fc296819493b5805fae4189e9d65c582fda2abfcd7d4303df2ca3e6"
"lance/docs.lance/_versions/latest_version_hint.json" = "732322c128ed67841ef5aa42c7cd04ffcd74a61b2d17d710cd502b713d62930d"
"lance/docs.lance/data/1001011110101111000011008b4a23411bb602a9d2e7eb3743.lance" = "c53a696b351782b4858ce8f08e7a09f113c14397b8084746adfba7bb97fc90aa"
"lance/metadata.json" = "65ce4e7b075da2afe48ea37757f0fb08237b5aa73026f7a644855760ce4f2cf1"
"metadata.json" = "6102209cc4856b984d79f590a3224125356b48a2c87966376e40e3b78cdc1891"

[[package]]
name = "lancedb"
version = "0.30.0"
registry_url = "github:lancedb/lancedb"
sha256 = "58a90ef53ba17b3c065a234fe70533333b0a946dccc77add4e9256048e4a3cd8"
signed = false
commit_sha = "a5288de8d14ff0dfbf42a69c5e2a557b06ebfb6b"

[package.manifest_checksums]
"code/__manifest/_transactions/0-ccd7a23e-3bb4-494f-9825-d9f5f8691201.txn" = "95518aad09d4da7ac7372474db0cbd598c05bd6800b13d58a2d3be05633acfe8"
"code/__manifest/_versions/18446744073709551614.manifest" = "05af2f2e13730bc84173cfac0ab3b57aa5a670fd1ad1b6a41ef7ef577101ed30"
"code/__manifest/_versions/latest_version_hint.json" = "2430f1a2ad2982d0067885488a4c89e21ad1d7c83b115ba8f1b20acc88dfaea8"
"code/code.lance/_indices/0fa91890-a3ab-45e9-9679-9510badf8b9f/metadata.lance" = "06a990773b8ca2aa6c8e65019632416f50d6f79c3728686f14a9c3a921eb1d92"
"code/code.lance/_indices/0fa91890-a3ab-45e9-9679-9510badf8b9f/part_0_docs.lance" = "b31240c1accaecaed50ef3e52db8cab053bb24b29f7c91452689a803194851df"
"code/code.lance/_indices/0fa91890-a3ab-45e9-9679-9510badf8b9f/part_0_invert.lance" = "d10e56a7b94782f0aa31a93809e8d0409416e536a43b99c6c46ce42c20768d8a"
"code/code.lance/_indices/0fa91890-a3ab-45e9-9679-9510badf8b9f/part_0_tokens.lance" = "450b230b3b0625267413a393b7fe6bd920f12e37a0e12c514f31ba41c12d8a32"
"code/code.lance/_transactions/0-eed5f2f7-7b90-4388-a8e5-4b6040fb8d0e.txn" = "55b5a00e7f04d81068c779e39f0ddd7aa943c814a49e85868f9cf3ee2718e669"
"code/code.lance/_transactions/1-8c000626-ff96-4d2f-ad54-3097f3470d81.txn" = "2c9fb0dd5699d55a1676a971268103acbd9954b4933f1c1996561188c625f7d5"
"code/code.lance/_transactions/2-f145b4f4-0080-4d5e-bb75-b7c699bd5188.txn" = "6a0504c27e397904027da0482ca998bf46969a4b9fae6fb26963537c61a95f93"
"code/code.lance/_transactions/3-0dfe6ae6-1afe-4666-8f5e-d301f0fd6f93.txn" = "101dff8a1f634713441bbb859254af5ba683727f883dec2aee9e15c7f37608ed"
"code/code.lance/_transactions/4-427dda7c-cb23-4256-8b20-6a50f24c2ae4.txn" = "f6ec06b454929ba9abbc6844b184c7b7b6860be826d7f15edeff381939a96af4"
"code/code.lance/_transactions/5-7c383eb5-6ee9-42fe-b3d9-95210e16dd91.txn" = "c5237acb58750d5c71c39c8be757a2bd4f3a1ef3d07cdc0847fafca4cccb6144"
"code/code.lance/_versions/18446744073709551609.manifest" = "dbe4cede0b3768f8b1c0925ac9ac3e496fa5a593e3ecae4c4df97c01c889f78c"
"code/code.lance/_versions/18446744073709551610.manifest" = "53e68180fcc1751a6486aea74f5121181b55892602bf98fc89c075be47d33597"
"code/code.lance/_versions/18446744073709551611.manifest" = "a0b1fe0a3008d1dce19f39aa6d11123170ed32b1645dd0b27d20e828794909cc"
"code/code.lance/_versions/18446744073709551612.manifest" = "df2d791a82960a1d7ab1443bb3cf41cac78625246919409a64b30c9973fe45d2"
"code/code.lance/_versions/18446744073709551613.manifest" = "e07a77a7976df7e59ee12c3c1f8c44af3b3ccb6110c0ed5ce96bb52c0a1c57e8"
"code/code.lance/_versions/18446744073709551614.manifest" = "c23a1a92ff615eace356e2b4183bfa9ef19d682a5272f2df77014506041cdf9b"
"code/code.lance/_versions/latest_version_hint.json" = "1e1901b2658bbbb3512c4e8867974632a030c38adb83ab4b5e3b0b39e6705ac2"
"code/code.lance/data/000101110110000100111101d54b174c838a59ffe6aa795c92.lance" = "6db140b858bb7aecd3c462272f54c8299b71234cb8a19ce616302f1c1264983b"
"code/code.lance/data/0111100110110010111001008e156e473aae684047ec3c7679.lance" = "62e0449531c7b2aa682f4facc947ac50f99c2f4fb177f276cdd03db557be71bc"
"code/code.lance/data/011111001110011000101110e814a446fa85b7c590901eb4a6.lance" = "2665a7625e2124dba57a05f6f89c17ace6a36a85e6eed2bd52b26f54dd176402"
"code/code.lance/data/1101010011111000100011016d43284e349b5bd94fa953264f.lance" = "fcef4540142dbcd7fb2143686f99b592ec6043d170cf13ce111cff7ce27b7e9e"
"code/code.lance/data/111010000101110001011011053c6d4205b293a9dc266b0125.lance" = "197a07b2ec8a40dc3a1738d3c78d3a58b7bf7fbf98fffe0687eac9e22f7328eb"
"code/metadata.json" = "eca4cb88abb04540e385a92130b2dd801de20b213328438982a8be451516355f"
"config.json" = "44136fa355b3678a1146ad16f7e8649e94fb4fc21fe77e8310c060f61caaff8a"
"embeddings/source-index.json" = "c899fbdfed7517c258c4725f518ba680eb016a8ddb738dc4c22d2fea40f6d02d"
"graph/.gitignore" = "904e693de8f7554f0ab33d4d102ea260c3539f9815d71cc80b372ebc83449a71"
"graph/codegraph.db" = "4834fa876e495ee069eec0116a4b15d5d8cd2e878ea8cdb70b6041a8b50aafcf"
"graph/codegraph.db-shm" = "fd4c9fda9cd3f9ae7c962b0ddf37232294d55580e1aa165aa06129b8549389eb"
"graph/codegraph.db-wal" = "e3b0c44298fc1c149afbf4c8996fb92427ae41e4649b934ca495991b7852b855"
"lance/__manifest/_transactions/0-7e75c8e0-63d4-42e7-9a24-317b0f9164f0.txn" = "eb8f2a9a4755388e9dd0e20d81c4a9e53eafb1a2c4e580f69e12b0bf1a2c4a40"
"lance/__manifest/_versions/18446744073709551614.manifest" = "8eaf4521e5a215fa519d8f46665016d633532efd8e19ee1be8753678589eb4cc"
"lance/__manifest/_versions/latest_version_hint.json" = "2430f1a2ad2982d0067885488a4c89e21ad1d7c83b115ba8f1b20acc88dfaea8"
"lance/docs.lance/_indices/c9a5a6cd-c01c-4c7b-9312-c8a2b77e723a/metadata.lance" = "efdcce1a6ee88412a2891bbc61111629aa7fdeda815f67fbe8bd51d9cb5fd4ec"
"lance/docs.lance/_indices/c9a5a6cd-c01c-4c7b-9312-c8a2b77e723a/part_0_docs.lance" = "c4cacb1ee1c9cd737242ed019148ac47f27887b6fb9d7c4c9eb13c28b6b6b36c"
"lance/docs.lance/_indices/c9a5a6cd-c01c-4c7b-9312-c8a2b77e723a/part_0_invert.lance" = "27ede381859a219f9c2a807c6a1ec451290f0169ec1a256e2fda4240486e9e2e"
"lance/docs.lance/_indices/c9a5a6cd-c01c-4c7b-9312-c8a2b77e723a/part_0_tokens.lance" = "e55f92427a4885981d52b3b34b58b0711e6218761b1ebe8a6aae6bb649a533c2"
"lance/docs.lance/_transactions/0-7516d0bb-fcdf-4bca-85de-eaa4ceff8d03.txn" = "18cd32a104b49d24a900814670cabbcd88c0e4bf626f28bc06ecf9cd258173cc"
"lance/docs.lance/_transactions/1-1af1856b-ec8d-4675-82e6-e03f890e4308.txn" = "4c84380ec8a5c181963b5560ebdcd496dae553e32ec87e7c9aa1ee1fe483b36a"
"lance/docs.lance/_versions/18446744073709551613.manifest" = "3aceea3f7c585e555bc13edebaff709567b494ad307a078e0d86546aa56ef01f"
"lance/docs.lance/_versions/18446744073709551614.manifest" = "94e151a25310d49ff864464eb1a2b812a7f4d72be919fc24ae71c89122f12ab8"
"lance/docs.lance/_versions/latest_version_hint.json" = "732322c128ed67841ef5aa42c7cd04ffcd74a61b2d17d710cd502b713d62930d"
"lance/docs.lance/data/1111101001100111100101115a19d545ecbbbb1ab762307a52.lance" = "1e4205e8674c10aae655ce0f90492c0cb5bf957b35e6f82795bb223f1931aa63"
"lance/metadata.json" = "2e4ebdb32d7fa1395fe90dc2556f4791c301d351d37ee216f7d3d7cc77825704"
"metadata.json" = "d5548493ff61ab919490ba277efdeb45f33912abeb0849b9f9cf88e0374dc6cb"

[[package]]
name = "llama-cpp-rs"
version = "0.1.150"
registry_url = "github:utilityai/llama-cpp-rs"
sha256 = "7c7f5ee8217476f7461e259e5fb417970b6c53e3fdad2b90f3b725a55ba9c195"
signed = false
commit_sha = "5459e4dfe57bdb0de41bead8c7e8386ea7961368"

[package.manifest_checksums]
"code/__manifest/_transactions/0-fcbc7fe3-9c67-4106-b04d-24b439fada4f.txn" = "1246880943b8c84e172cbb3160def1aaba7d9f972768b2740a880b54ee3a48e5"
"code/__manifest/_versions/18446744073709551614.manifest" = "027d18cfbba278ffe18560f2e8bc81d2babf8409146576922b7d591576313827"
"code/__manifest/_versions/latest_version_hint.json" = "2430f1a2ad2982d0067885488a4c89e21ad1d7c83b115ba8f1b20acc88dfaea8"
"code/code.lance/_indices/1d3fe6bb-03d3-4d77-92f1-ce170a4022b1/metadata.lance" = "ae6f8a7384798adcf1d816d76ff6b3c56991f3626be0a1f7f0ab5ada18b6345f"
"code/code.lance/_indices/1d3fe6bb-03d3-4d77-92f1-ce170a4022b1/part_0_docs.lance" = "c22f173f9790b6b6da01996f7edc1c75623031aece887ea437ddeac69e089b41"
"code/code.lance/_indices/1d3fe6bb-03d3-4d77-92f1-ce170a4022b1/part_0_invert.lance" = "21131a7de2adcf963535a2176924ba52a23b91b532f9b7c49c8db875e18c2c30"
"code/code.lance/_indices/1d3fe6bb-03d3-4d77-92f1-ce170a4022b1/part_0_tokens.lance" = "60db5eba30fa119a5511acbdb8e3cb0dac0d22b8c7cf392ca9b335e7c6c69b85"
"code/code.lance/_transactions/0-fe3bbb51-5a9c-4f58-8ac9-5ce88ad38454.txn" = "195fda47696b5229d81611e51e91e3d08ec059aa0d420783ebb689496abf34e8"
"code/code.lance/_transactions/1-7208477c-a3f4-43c3-8f54-bc81ddb05ee7.txn" = "5cf451e45cf5354a751ab3589464ebe8e8d8d93cbb5ee2bfcdd49b37e92b127b"
"code/code.lance/_transactions/2-c9bf6900-6c25-43d8-a23e-172ce70aff11.txn" = "e942a679ae33a9df36438f4bb7f48e1ce2ba32bbc373e8a54417ed4e9d0131dd"
"code/code.lance/_versions/18446744073709551612.manifest" = "6169f4a5b96f8f61481639df47e95bfbbeaf3b756c6e4880b9295981760e35cc"
"code/code.lance/_versions/18446744073709551613.manifest" = "26d578f183b22df6d6789922a7d173dc17c1aaacd698a64864a9c916c42d1114"
"code/code.lance/_versions/18446744073709551614.manifest" = "9bea00cc887ed11fc2a3ad3c6a6bd40a8604dc7965b4690a0bb9a0a77d966f62"
"code/code.lance/_versions/latest_version_hint.json" = "9af23cea10a478f3bb916ff35c07a36debe444adf9b56814ab63861ec674ab8b"
"code/code.lance/data/001110100011100100011110ce6d0549a7af131ccc573be508.lance" = "b7c71e98a7ffd2ffbc7c3a4b272b8af8e7a767df07f8a70ca8e088cfd836d8a3"
"code/code.lance/data/10101010100011000110010065e8014dfc838365c0b7787752.lance" = "fcd2ef83b0ae375a2fff5ba9edeb8d0dfb5ac4673ca8d08af13cd867eb484ba2"
"code/metadata.json" = "14329ce1aa5db5569eda7761e2ad7d564ea06179c4eb3abcf81a37aa981b89c5"
"config.json" = "44136fa355b3678a1146ad16f7e8649e94fb4fc21fe77e8310c060f61caaff8a"
"embeddings/source-index.json" = "3a6f39b4bfc8efb3abc4f9a60da79d1e6c620032af6974fde5006eae536ffd49"
"graph/.gitignore" = "904e693de8f7554f0ab33d4d102ea260c3539f9815d71cc80b372ebc83449a71"
"graph/codegraph.db" = "c1f19c7478cd6395b36573992b6220d1b07bae3308863d60c993db64c7506588"
"graph/codegraph.db-shm" = "fd4c9fda9cd3f9ae7c962b0ddf37232294d55580e1aa165aa06129b8549389eb"
"graph/codegraph.db-wal" = "e3b0c44298fc1c149afbf4c8996fb92427ae41e4649b934ca495991b7852b855"
"lance/__manifest/_transactions/0-75ed40ef-d179-4414-9d0b-8c65db452a66.txn" = "925f2ca2ee95be4a2c052b4f0aafd41a2972a0cdd3789d0f54b214a3a286d692"
"lance/__manifest/_versions/18446744073709551614.manifest" = "cb0ad2b2e16fc9efd789dd370bbacb5cdef1a1a94e3b1dc2c143bcd634fa2948"
"lance/__manifest/_versions/latest_version_hint.json" = "2430f1a2ad2982d0067885488a4c89e21ad1d7c83b115ba8f1b20acc88dfaea8"
"lance/docs.lance/_indices/90c35bb6-9c4a-4894-830e-d7affecdb351/metadata.lance" = "dea8029d81e7a95927c1b3221fd95fc2f5fe328dad1a5c30e15d48ecd9ff5ed2"
"lance/docs.lance/_indices/90c35bb6-9c4a-4894-830e-d7affecdb351/part_0_docs.lance" = "df9a0452fed01ffe404d52f3086588c3629a88459eeab24cddae3cf6e3b3488b"
"lance/docs.lance/_indices/90c35bb6-9c4a-4894-830e-d7affecdb351/part_0_invert.lance" = "7a4d1e3e1e0a5b91f28f44eb5b8c9fb00e66ee1cbb55c7b995f32819718e9722"
"lance/docs.lance/_indices/90c35bb6-9c4a-4894-830e-d7affecdb351/part_0_tokens.lance" = "e73acb6a2ad87de97ffae4073c9effc9f4a510d37e2e5b5ea8bad272e41855dd"
"lance/docs.lance/_transactions/0-40e4fced-7088-4361-989a-4dfc5c628700.txn" = "89c5b751703bcae25784409528a11b000a18fab69f3f13aea0436c8d565dcd55"
"lance/docs.lance/_transactions/1-e594b86e-f192-493a-a833-630d994ff1fb.txn" = "e30b684b049a1c6d499fec223b81f83c150de87d50b5f3115b7a6c9c4c73c417"
"lance/docs.lance/_versions/18446744073709551613.manifest" = "3623fa5e5c6b32cde826ef237b2b79360b66b563b593a7d20c313418a84ec83c"
"lance/docs.lance/_versions/18446744073709551614.manifest" = "6e61dfe464adcb5d6fbf27b1b35b4cefcab7ba4a4fee3d2a559d824468f145ac"
"lance/docs.lance/_versions/latest_version_hint.json" = "732322c128ed67841ef5aa42c7cd04ffcd74a61b2d17d710cd502b713d62930d"
"lance/docs.lance/data/1110100001001101000111012ab2044a54b5df4d6532673db7.lance" = "2279f111f4a1687aadfdde580d1ff5b8663956e0abc7f32a0299f3277cdadb2e"
"lance/metadata.json" = "854dddbc7492cb945bacab6e0e41ffb62ec4f95e926ad8a509c803c6df1bf3dd"
"metadata.json" = "1af13c225eed4438e43387e869743dc0b1c12ce65d5bc2b7690ff632fc07bc37"

[[package]]
name = "qmd"
version = "2.5.2"
registry_url = "github:tobi/qmd"
sha256 = "d9f06aa61c29ce4ad3310ecef75f06a06257a016933194c7a61b68f5ed0c1a6e"
signed = false
commit_sha = "443760f4d5a17550d77a0e3146b5b8f08452991f"

[package.manifest_checksums]
"code/__manifest/_transactions/0-2a1fdcfe-3764-4efc-b97b-e10b1ecb8b14.txn" = "e6de6bb9243697818f5453a94324d6e43db8f5ec61a35905e6fb4be9937b0516"
"code/__manifest/_versions/18446744073709551614.manifest" = "a54558ec0077972a10806896f5f4ff65cdedd8ed75ec6dc2bf25df85de794c39"
"code/__manifest/_versions/latest_version_hint.json" = "2430f1a2ad2982d0067885488a4c89e21ad1d7c83b115ba8f1b20acc88dfaea8"
"code/code.lance/_indices/29256dec-db98-496c-a141-91f26f592e50/metadata.lance" = "4a638c1732f280b2464c9b78a1e2a0bb22b6e8564599ace5ca2ba0a75fcbb29f"
"code/code.lance/_indices/29256dec-db98-496c-a141-91f26f592e50/part_0_docs.lance" = "1fe3232f886111d4211dff6f360e1c9f4ac21947c3ec33623e77adea9030b6c1"
"code/code.lance/_indices/29256dec-db98-496c-a141-91f26f592e50/part_0_invert.lance" = "d1c9aedc09a9f533393a6c1e99caad1493c44dccebbad53718822ff894321d33"
"code/code.lance/_indices/29256dec-db98-496c-a141-91f26f592e50/part_0_tokens.lance" = "204bda4de0e5ba670ccc900244c7696157800aee8d8558da68c236b3fa7b4ab0"
"code/code.lance/_transactions/0-c75dee40-7065-4a44-b51d-ae5820b8c8a1.txn" = "e7f3c898e4ceadb87abfd5b0391f65df88ef9fe7b9c7012b2b0ccaee35f31f7d"
"code/code.lance/_transactions/1-15a4d4c6-fc86-4a01-9180-57a9bb048b26.txn" = "fddf28639d01724d4bb7c30efb52baffdb8ad703be5d6cec5d6e863129ff9059"
"code/code.lance/_transactions/2-0c9c2974-4979-4e1d-9621-a5a8ec0cc342.txn" = "06eb7d02f9c80d8d506a8c72040f7212033d9b1efc8dd7f991398551b16a1f67"
"code/code.lance/_transactions/3-af5f54ba-74af-4a33-905c-328f52448603.txn" = "300aa72d202f0f6b057aac44e329872d65691655cd6fda1d9133896eb815a7f6"
"code/code.lance/_versions/18446744073709551611.manifest" = "b27d3762434ec0d2c786cb7d5a88b884339a97393b9a39942a58e5d48cd982dc"
"code/code.lance/_versions/18446744073709551612.manifest" = "1997e4e25bc74fe80bf97554b3c959ed60300eb3ebd641fedb4af2aa942db439"
"code/code.lance/_versions/18446744073709551613.manifest" = "2446741cc50c48c587382ed1db550988bd955dbb8c0e5ab5a271d688fa50d48b"
"code/code.lance/_versions/18446744073709551614.manifest" = "44c9d534e08abfb32b13d6c9612f1422dcd6f6a5a5a8fbdb58f777733d6bc220"
"code/code.lance/_versions/latest_version_hint.json" = "99fd67c89da37e7ca5f6d62c8c814dbb3dae1ba7e760c3e8ff804a45590680b2"
"code/code.lance/data/0011010111111000100010016df6e74506ad1881a5c1068a95.lance" = "6e9909196d770719caef8700a0715fa5d93bc05295c758609f8e941fe3b12f65"
"code/code.lance/data/01010110001110110110100176c90d400c8389070cf4b9f588.lance" = "b947e0073c2825e5782ac31a0f6f11ec87e6e080de451cdc018fbe4b244cdc0e"
"code/code.lance/data/111011010110000000010100d2950345cf95dd566898882b2e.lance" = "e51d8aad9a93b3aa7e9b749b501ade790c5999040562d9cc1abde7b60fca24fc"
"code/metadata.json" = "940e04845b2d699464c1aff10b693084cbf9372945504d5dd4a9a5e2c51d677b"
"config.json" = "44136fa355b3678a1146ad16f7e8649e94fb4fc21fe77e8310c060f61caaff8a"
"embeddings/source-index.json" = "995ac67190883bb92faa00ae4c2644addb7a982ed6a46fd34575bce3684a3470"
"graph/.gitignore" = "904e693de8f7554f0ab33d4d102ea260c3539f9815d71cc80b372ebc83449a71"
"graph/codegraph.db" = "818ed7d69f5892a104dec811bac00c62ee2177f86ea6ca819e5574e1d64d04c3"
"graph/codegraph.db-shm" = "fd4c9fda9cd3f9ae7c962b0ddf37232294d55580e1aa165aa06129b8549389eb"
"graph/codegraph.db-wal" = "e3b0c44298fc1c149afbf4c8996fb92427ae41e4649b934ca495991b7852b855"
"lance/__manifest/_transactions/0-83c7718a-9100-49e0-994d-2df22458481c.txn" = "9834c7e608351848a27f80f766227cae0008eda60c135e0b3a0e9a9b92e0a129"
"lance/__manifest/_versions/18446744073709551614.manifest" = "a5cc16a6101adf57e2c77c541aff65bd22f85a6f2c46d79d704943a24fad376b"
"lance/__manifest/_versions/latest_version_hint.json" = "2430f1a2ad2982d0067885488a4c89e21ad1d7c83b115ba8f1b20acc88dfaea8"
"lance/docs.lance/_indices/d62d84c0-6762-4735-b077-9541f24d7ff8/metadata.lance" = "577b19ff0cefe35d7ce1d66d6fdf4fb4ee7de974c6477af10a7c42376d445a8c"
"lance/docs.lance/_indices/d62d84c0-6762-4735-b077-9541f24d7ff8/part_0_docs.lance" = "abe419535057e10230c52a18d0d45a1a834f900a9f495ed76de1b696ab14c98e"
"lance/docs.lance/_indices/d62d84c0-6762-4735-b077-9541f24d7ff8/part_0_invert.lance" = "2c1ca329c61f70140b6daaffc82c2dc33579fccd42021ddbe5d5d242b795b010"
"lance/docs.lance/_indices/d62d84c0-6762-4735-b077-9541f24d7ff8/part_0_tokens.lance" = "ad032700f6c8e61b647d3764818c2513e9b1557f0ef8efc79739b33663b03b5a"
"lance/docs.lance/_transactions/0-ee2c202e-e81d-4b10-a164-ac9dbd69ed79.txn" = "387e3159319aa0bc36980a5b5de6803574f78aca9b92ee1a93a3367cc1ab02bb"
"lance/docs.lance/_transactions/1-708797d4-e3db-4c4e-968d-ac555d5225d6.txn" = "dd3c9d6ffa30911d213e0ef295b7f13cfb1020aeff4bca1460c97b20a83e4c6a"
"lance/docs.lance/_versions/18446744073709551613.manifest" = "1b3169bbea49c78a522c2bb4a388bde460496f8edd8b0a165e4bc84169f9973c"
"lance/docs.lance/_versions/18446744073709551614.manifest" = "bb155bc49c16d01b6708141cf308d7067557321db751253b51d44f7459b568d6"
"lance/docs.lance/_versions/latest_version_hint.json" = "732322c128ed67841ef5aa42c7cd04ffcd74a61b2d17d710cd502b713d62930d"
"lance/docs.lance/data/111111001001010010101101d41a95483b979de680b9cc806c.lance" = "68b52a07d5883d3ae82e91b9b139f901209c191c872c08bc1bcf94a51db21724"
"lance/metadata.json" = "4f3f8abc3ee7a2b81918a2f2fc62d687b9d9f5e2c4e099acbd776fe56ce8645f"
"metadata.json" = "ab0d7398434a59ae694b3aea0ac1c7de3fea7b0f5631f2ec73e731719713de60"

[[package]]
name = "sempkg"
version = "0.3.0-beta-30-gcfcfdefb0b81"
registry_url = "local:."
sha256 = "3aae23ffff5f1926ddef9309c63f920e7825c513b2516eed702b60978973bbab"
signed = false
commit_sha = "244e86eaa6032b1a767ca656eebed7ef7f8e90bd"

[package.manifest_checksums]
"code/__manifest/_transactions/0-b6c1b98a-6c76-454e-b35e-208d177d6260.txn" = "d03c1e1a009de8d811f6cb7909e381414542c2494764265b6ce9d4b950c9f146"
"code/__manifest/_versions/18446744073709551614.manifest" = "d93a31c0ffaf683e26dfc7684ebf910745528011b9c36f7875efa8a5cb423fc4"
"code/__manifest/_versions/latest_version_hint.json" = "2430f1a2ad2982d0067885488a4c89e21ad1d7c83b115ba8f1b20acc88dfaea8"
"code/code.lance/_indices/10a749eb-8b35-452f-898c-971fb4c01723/metadata.lance" = "df24a09a2a33c2ba72b9796043465716bb047f9dd0c5d443f53db5c1f83539a2"
"code/code.lance/_indices/10a749eb-8b35-452f-898c-971fb4c01723/part_0_docs.lance" = "53ecc03aab2f1c4ec38f44159ca4fad3f36a983551544ae0959adb6551a3ca37"
"code/code.lance/_indices/10a749eb-8b35-452f-898c-971fb4c01723/part_0_invert.lance" = "ca38a1318fe1d079916c4ed11b52f2b599dec2e661cce16daad70014df44074e"
"code/code.lance/_indices/10a749eb-8b35-452f-898c-971fb4c01723/part_0_tokens.lance" = "619f91517ee63d7979d5beb7e60e5a2d125e27383e85c62b91673f9c2544c5ff"
"code/code.lance/_transactions/0-daa3feda-172f-4968-a7d8-e958eeb336f9.txn" = "c2761d75ec22bc5e5c9d91da4760994c5ae806516d84bb1cec2e7268d0f84dd1"
"code/code.lance/_transactions/1-cc55937a-63f5-4093-ae08-4cbb90533507.txn" = "f0bb5b00b07b20708d00fa3b607e4a3a0847a86009084cf7d493848fd528b2d1"
"code/code.lance/_transactions/2-85dda973-7446-488b-9560-8a8a71b31edd.txn" = "4134b7880c7bf879743c83f6fdf05aba52c8f3a2c5e6fb6357fc940046a82fb3"
"code/code.lance/_versions/18446744073709551612.manifest" = "d1945324ee7302fe999729ec48733b764c7c59d33e5bb3315b1351fc34043c68"
"code/code.lance/_versions/18446744073709551613.manifest" = "3cacecf8b962f0cae746009eb1f21707e0da81655c59973acd69b2cc5c0b9af5"
"code/code.lance/_versions/18446744073709551614.manifest" = "68320886d846613982a99eaf41c549b272b2a9ca3ff7799ea9a19fd1e5381efa"
"code/code.lance/_versions/latest_version_hint.json" = "9af23cea10a478f3bb916ff35c07a36debe444adf9b56814ab63861ec674ab8b"
"code/code.lance/data/00100100100011111111000104b40440bd80e1ea11b70bfb1e.lance" = "d5bad08492f971ab1c02246e67bb23128efd064ca6421dfc6b03de294e1257a0"
"code/code.lance/data/010011101011110110001101e941014b548f2a3d913c2fbb79.lance" = "d2ec474b6911050d2184fb3372f0208cfd54954fa0e19703008ddea3ced61943"
"code/metadata.json" = "8e694660aa8abe8904296b58042f0d2822c270b72c1ee9e605692e1327f6e46b"
"config.json" = "44136fa355b3678a1146ad16f7e8649e94fb4fc21fe77e8310c060f61caaff8a"
"embeddings/source-index.json" = "4dad448ab8ab05562c383fb9e56affddfa03dcffd0687f93eaa013b5fc058e47"
"graph/.gitignore" = "904e693de8f7554f0ab33d4d102ea260c3539f9815d71cc80b372ebc83449a71"
"graph/codegraph.db" = "8e84f886451985b7f65761cd12bfd14921279e598143114033ecb4b2279af019"
"graph/codegraph.db-shm" = "fd4c9fda9cd3f9ae7c962b0ddf37232294d55580e1aa165aa06129b8549389eb"
"graph/codegraph.db-wal" = "e3b0c44298fc1c149afbf4c8996fb92427ae41e4649b934ca495991b7852b855"
"lance/__manifest/_transactions/0-8ae318e5-87ee-45e8-ba60-9f1b2a382bb3.txn" = "2a992fc0e98d951522a64afe2662092ee975c043ac2df13a43fce2c988b85997"
"lance/__manifest/_versions/18446744073709551614.manifest" = "4fdf10d09189bfc6f8647b78f87a86d86aed710da36c42db78fd4239a4ad1db9"
"lance/__manifest/_versions/latest_version_hint.json" = "2430f1a2ad2982d0067885488a4c89e21ad1d7c83b115ba8f1b20acc88dfaea8"
"lance/docs.lance/_indices/a3f6f01a-432c-4b8d-95e1-225cbc3ce13a/metadata.lance" = "df24a09a2a33c2ba72b9796043465716bb047f9dd0c5d443f53db5c1f83539a2"
"lance/docs.lance/_indices/a3f6f01a-432c-4b8d-95e1-225cbc3ce13a/part_0_docs.lance" = "4e8bac4966b36a8bc3933a3bbbe6124ba6a45743257200f634b15fe6122a8bc2"
"lance/docs.lance/_indices/a3f6f01a-432c-4b8d-95e1-225cbc3ce13a/part_0_invert.lance" = "0bf9f4a8706a172efc678353ef14f87130131d2ab45012d20e958cf552e781b8"
"lance/docs.lance/_indices/a3f6f01a-432c-4b8d-95e1-225cbc3ce13a/part_0_tokens.lance" = "30cfebd3a01602b954fa49fb5ac91a2d209a9ebce902124c196caded4fb75581"
"lance/docs.lance/_transactions/0-8c9219d9-dc39-4a7b-9e37-0b378c466caf.txn" = "9740fe8adfa54a5b137caaf5e0dde2c53f65756a060775b98acf5837fdebb649"
"lance/docs.lance/_transactions/1-be67a011-e5e5-45fd-828d-7e7bd023b2c9.txn" = "07e50896c34bfb7acab7e061df78eee1cc6ea8f7fcbb8839d38931861b0b4c36"
"lance/docs.lance/_versions/18446744073709551613.manifest" = "6108b299c4d10365a72b0e9908b30d835ba7f125b3073b0482f6b1f735faa949"
"lance/docs.lance/_versions/18446744073709551614.manifest" = "e0fbd34c37de9d06ced1fff8b52f7f79b7adeb2fba892d984b92f5ba56e8405e"
"lance/docs.lance/_versions/latest_version_hint.json" = "732322c128ed67841ef5aa42c7cd04ffcd74a61b2d17d710cd502b713d62930d"
"lance/docs.lance/data/011011101011001111101011b53e974619b320bee738ddfab5.lance" = "c8f2d0939f2dac1ce61e2c89e0ed05ba34cd34a3fba5739843df96219d697488"
"lance/metadata.json" = "57e29c6d0102ad370a743145a38efea6658f04c1ba398451cb4be837238a5407"
"metadata.json" = "6c7b2a6164f7e087a96522a5efeb474d1d95e846c58a3cb2f47bcb60ad26eca1"
